
Microsoft Visual Studio Solution File, Format Version 12.00
# Visual Studio 15
VisualStudioVersion = 15.0.27703.2042
MinimumVisualStudioVersion = 10.0.40219.1
Project("{FAE04EC0-301F-11D3-BF4B-00C04F79EFBC}") = "Taviloglu.MilliPiyango.ApiClient", "Taviloglu.MilliPiyango.ApiClient\Taviloglu.MilliPiyango.ApiClient.csproj", "{96EFC640-87CB-4B1C-9056-0DAE1757E704}"
EndProject
Project("{FAE04EC0-301F-11D3-BF4B-00C04F79EFBC}") = "Taviloglu.MilliPiyango.ApiClient.Demo", "Taviloglu.MilliPiyango.ApiClient.Demo\Taviloglu.MilliPiyango.ApiClient.Demo.csproj", "{432F298F-0153-4B3A-BD25-C12BD37E9EAA}"
EndProject
Global
	GlobalSection(SolutionConfigurationPlatforms) = preSolution
		Debug|Any CPU = Debug|Any CPU
		Release|Any CPU = Release|Any CPU
	EndGlobalSection
	GlobalSection(ProjectConfigurationPlatforms) = postSolution
		{96EFC640-87CB-4B1C-9056-0DAE1757E704}.Debug|Any CPU.ActiveCfg = Debug|Any CPU
		{96EFC640-87CB-4B1C-9056-0DAE1757E704}.Debug|Any CPU.Build.0 = Debug|Any CPU
		{96EFC640-87CB-4B1C-9056-0DAE1757E704}.Release|Any CPU.ActiveCfg = Release|Any CPU
		{96EFC640-87CB-4B1C-9056-0DAE1757E704}.Release|Any CPU.Build.0 = Release|Any CPU
		{432F298F-0153-4B3A-BD25-C12BD37E9EAA}.Debug|Any CPU.ActiveCfg = Debug|Any CPU
		{432F298F-0153-4B3A-BD25-C12BD37E9EAA}.Debug|Any CPU.Build.0 = Debug|Any CPU
		{432F298F-0153-4B3A-BD25-C12BD37E9EAA}.Release|Any CPU.ActiveCfg = Release|Any CPU
		{432F298F-0153-4B3A-BD25-C12BD37E9EAA}.Release|Any CPU.Build.0 = Release|Any CPU
	EndGlobalSection
	GlobalSection(SolutionProperties) = preSolution
		HideSolutionNode = FALSE
	EndGlobalSection
	GlobalSection(ExtensibilityGlobals) = postSolution
		SolutionGuid = {7080230F-FBF9-46AF-8D19-6C8AE6264D77}
	EndGlobalSection
EndGlobal
